
Microsoft Visual Studio Solution File, Format Version 12.00
# Visual Studio Version 16
VisualStudioVersion = 16.0.31205.134
MinimumVisualStudioVersion = 10.0.40219.1
Project("{FAE04EC0-301F-11D3-BF4B-00C04F79EFBC}") = "TextParser", "TextParser\TextParser.csproj", "{7D2D576E-D8BF-46B9-A985-DB9A1129AA36}"
EndProject
Global
	GlobalSection(SolutionConfigurationPlatforms) = preSolution
		Debug|Any CPU = Debug|Any CPU
		Release|Any CPU = Release|Any CPU
	EndGlobalSection
	GlobalSection(ProjectConfigurationPlatforms) = postSolution
		{7D2D576E-D8BF-46B9-A985-DB9A1129AA36}.Debug|Any CPU.ActiveCfg = Debug|Any CPU
		{7D2D576E-D8BF-46B9-A985-DB9A1129AA36}.Debug|Any CPU.Build.0 = Debug|Any CPU
		{7D2D576E-D8BF-46B9-A985-DB9A1129AA36}.Release|Any CPU.ActiveCfg = Release|Any CPU
		{7D2D576E-D8BF-46B9-A985-DB9A1129AA36}.Release|Any CPU.Build.0 = Release|Any CPU
	EndGlobalSection
	GlobalSection(SolutionProperties) = preSolution
		HideSolutionNode = FALSE
	EndGlobalSection
	GlobalSection(ExtensibilityGlobals) = postSolution
		SolutionGuid = {62BBC44A-5F2F-4E15-B373-2ACCD98257D5}
	EndGlobalSection
EndGlobal
